
Microsoft Visual Studio Solution File, Format Version 12.00
# Visual Studio Version 17
VisualStudioVersion = 17.6.33829.357
MinimumVisualStudioVersion = 10.0.40219.1
Project("{FAE04EC0-301F-11D3-BF4B-00C04F79EFBC}") = "Entity", "Entity\Entity.csproj", "{E12625FA-EF80-448B-8226-7803C13061AA}"
EndProject
Project("{FAE04EC0-301F-11D3-BF4B-00C04F79EFBC}") = "Utilities", "Utilities\Utilities.csproj", "{D6810BAB-7916-4F4F-A164-3179738F40AB}"
EndProject
Global
	GlobalSection(SolutionConfigurationPlatforms) = preSolution
		Debug|Any CPU = Debug|Any CPU
		Release|Any CPU = Release|Any CPU
	EndGlobalSection
	GlobalSection(ProjectConfigurationPlatforms) = postSolution
		{E12625FA-EF80-448B-8226-7803C13061AA}.Debug|Any CPU.ActiveCfg = Debug|Any CPU
		{E12625FA-EF80-448B-8226-7803C13061AA}.Debug|Any CPU.Build.0 = Debug|Any CPU
		{E12625FA-EF80-448B-8226-7803C13061AA}.Release|Any CPU.ActiveCfg = Release|Any CPU
		{E12625FA-EF80-448B-8226-7803C13061AA}.Release|Any CPU.Build.0 = Release|Any CPU
		{D6810BAB-7916-4F4F-A164-3179738F40AB}.Debug|Any CPU.ActiveCfg = Debug|Any CPU
		{D6810BAB-7916-4F4F-A164-3179738F40AB}.Debug|Any CPU.Build.0 = Debug|Any CPU
		{D6810BAB-7916-4F4F-A164-3179738F40AB}.Release|Any CPU.ActiveCfg = Release|Any CPU
		{D6810BAB-7916-4F4F-A164-3179738F40AB}.Release|Any CPU.Build.0 = Release|Any CPU
	EndGlobalSection
	GlobalSection(SolutionProperties) = preSolution
		HideSolutionNode = FALSE
	EndGlobalSection
	GlobalSection(ExtensibilityGlobals) = postSolution
		SolutionGuid = {CDFD777C-A821-4B19-B276-01C00206FCC1}
	EndGlobalSection
EndGlobal
